{
  "nodes": {
    "nixpkgs": {
      "locked": {
        "lastModified": 1654954634,
        "narHash": "sha256-aF7fYIZzLnJHtfnUqU44GTyxDp9Ssf0BJdAT0B2ry3A=",
        "owner": "NickCao",
        "repo": "nixpkgs",
        "rev": "315ec0dc84ec631035984b5c893f62785bd97c53",
        "type": "github"
      },
      "original": {
        "owner": "NickCao",
        "ref": "riscv",
        "repo": "nixpkgs",
        "type": "github"
      }
    },
    "root": {
      "inputs": {
        "nixpkgs": "nixpkgs"
      }
    }
  },
  "root": "root",
  "version": 7
}
